
Microsoft Visual Studio Solution File, Format Version 12.00
# Visual Studio Version 17
VisualStudioVersion = 17.9.34622.214
MinimumVisualStudioVersion = 10.0.40219.1
Project("{9A19103F-16F7-4668-BE54-9A1E7A4F7556}") = "ASPNETAssignment1.WebApp", "DemoForRookies.WebApp\ASPNETAssignment1.WebApp.csproj", "{96C63269-7F4F-49F3-87CA-80D08FDA6B8E}"
EndProject
Project("{9A19103F-16F7-4668-BE54-9A1E7A4F7556}") = "ASPNETAssignment1.BusinessLogic", "DemoForRookies.BusinessLogic\ASPNETAssignment1.BusinessLogic.csproj", "{E87088F5-D30F-41B3-857D-AB7BCBF910A9}"
EndProject
Project("{9A19103F-16F7-4668-BE54-9A1E7A4F7556}") = "ASPNETAssignment1.Models", "DemoForRookies.Models\ASPNETAssignment1.Models.csproj", "{1C4F297D-70AC-4BBC-A719-DC45B82A5B32}"
EndProject
Project("{9A19103F-16F7-4668-BE54-9A1E7A4F7556}") = "WebApp.Tests", "WebApplication1\WebApp.Tests.csproj", "{C7D03838-1E37-458A-9A24-6B94409D4B04}"
EndProject
Project("{9A19103F-16F7-4668-BE54-9A1E7A4F7556}") = "ASPNETAssignment1.Tests", "BusinessTest\ASPNETAssignment1.Tests.csproj", "{B0B4C69E-00C1-40D3-8C02-32B6B9E0E337}"
EndProject
Global
	GlobalSection(SolutionConfigurationPlatforms) = preSolution
		Debug|Any CPU = Debug|Any CPU
		Release|Any CPU = Release|Any CPU
	EndGlobalSection
	GlobalSection(ProjectConfigurationPlatforms) = postSolution
		{96C63269-7F4F-49F3-87CA-80D08FDA6B8E}.Debug|Any CPU.ActiveCfg = Debug|Any CPU
		{96C63269-7F4F-49F3-87CA-80D08FDA6B8E}.Debug|Any CPU.Build.0 = Debug|Any CPU
		{96C63269-7F4F-49F3-87CA-80D08FDA6B8E}.Release|Any CPU.ActiveCfg = Release|Any CPU
		{96C63269-7F4F-49F3-87CA-80D08FDA6B8E}.Release|Any CPU.Build.0 = Release|Any CPU
		{E87088F5-D30F-41B3-857D-AB7BCBF910A9}.Debug|Any CPU.ActiveCfg = Debug|Any CPU
		{E87088F5-D30F-41B3-857D-AB7BCBF910A9}.Debug|Any CPU.Build.0 = Debug|Any CPU
		{E87088F5-D30F-41B3-857D-AB7BCBF910A9}.Release|Any CPU.ActiveCfg = Release|Any CPU
		{E87088F5-D30F-41B3-857D-AB7BCBF910A9}.Release|Any CPU.Build.0 = Release|Any CPU
		{1C4F297D-70AC-4BBC-A719-DC45B82A5B32}.Debug|Any CPU.ActiveCfg = Debug|Any CPU
		{1C4F297D-70AC-4BBC-A719-DC45B82A5B32}.Debug|Any CPU.Build.0 = Debug|Any CPU
		{1C4F297D-70AC-4BBC-A719-DC45B82A5B32}.Release|Any CPU.ActiveCfg = Release|Any CPU
		{1C4F297D-70AC-4BBC-A719-DC45B82A5B32}.Release|Any CPU.Build.0 = Release|Any CPU
		{C7D03838-1E37-458A-9A24-6B94409D4B04}.Debug|Any CPU.ActiveCfg = Debug|Any CPU
		{C7D03838-1E37-458A-9A24-6B94409D4B04}.Debug|Any CPU.Build.0 = Debug|Any CPU
		{C7D03838-1E37-458A-9A24-6B94409D4B04}.Release|Any CPU.ActiveCfg = Release|Any CPU
		{C7D03838-1E37-458A-9A24-6B94409D4B04}.Release|Any CPU.Build.0 = Release|Any CPU
		{B0B4C69E-00C1-40D3-8C02-32B6B9E0E337}.Debug|Any CPU.ActiveCfg = Debug|Any CPU
		{B0B4C69E-00C1-40D3-8C02-32B6B9E0E337}.Debug|Any CPU.Build.0 = Debug|Any CPU
		{B0B4C69E-00C1-40D3-8C02-32B6B9E0E337}.Release|Any CPU.ActiveCfg = Release|Any CPU
		{B0B4C69E-00C1-40D3-8C02-32B6B9E0E337}.Release|Any CPU.Build.0 = Release|Any CPU
	EndGlobalSection
	GlobalSection(SolutionProperties) = preSolution
		HideSolutionNode = FALSE
	EndGlobalSection
	GlobalSection(ExtensibilityGlobals) = postSolution
		SolutionGuid = {38A98BDA-EA9C-434A-8662-8F2D6B9CCEC3}
	EndGlobalSection
EndGlobal
